
Microsoft Visual Studio Solution File, Format Version 12.00
# Visual Studio 2012
Project("{FAE04EC0-301F-11D3-BF4B-00C04F79EFBC}") = "wanleer", "wanleer\wanleer.csproj", "{0F8AD9B4-A377-4FEC-B8AE-74F4CA99CF71}"
EndProject
Project("{FAE04EC0-301F-11D3-BF4B-00C04F79EFBC}") = "wanleer.Tests", "wanleer.Tests\wanleer.Tests.csproj", "{ADF9D194-5CFD-4709-874F-BDD0F16D9760}"
EndProject
Global
	GlobalSection(SolutionConfigurationPlatforms) = preSolution
		Debug|Any CPU = Debug|Any CPU
		Release|Any CPU = Release|Any CPU
	EndGlobalSection
	GlobalSection(ProjectConfigurationPlatforms) = postSolution
		{0F8AD9B4-A377-4FEC-B8AE-74F4CA99CF71}.Debug|Any CPU.ActiveCfg = Debug|Any CPU
		{0F8AD9B4-A377-4FEC-B8AE-74F4CA99CF71}.Debug|Any CPU.Build.0 = Debug|Any CPU
		{0F8AD9B4-A377-4FEC-B8AE-74F4CA99CF71}.Release|Any CPU.ActiveCfg = Release|Any CPU
		{0F8AD9B4-A377-4FEC-B8AE-74F4CA99CF71}.Release|Any CPU.Build.0 = Release|Any CPU
		{ADF9D194-5CFD-4709-874F-BDD0F16D9760}.Debug|Any CPU.ActiveCfg = Debug|Any CPU
		{ADF9D194-5CFD-4709-874F-BDD0F16D9760}.Debug|Any CPU.Build.0 = Debug|Any CPU
		{ADF9D194-5CFD-4709-874F-BDD0F16D9760}.Release|Any CPU.ActiveCfg = Release|Any CPU
		{ADF9D194-5CFD-4709-874F-BDD0F16D9760}.Release|Any CPU.Build.0 = Release|Any CPU
	EndGlobalSection
	GlobalSection(SolutionProperties) = preSolution
		HideSolutionNode = FALSE
	EndGlobalSection
EndGlobal
